
Microsoft Visual Studio Solution File, Format Version 12.00
# Visual Studio Version 16
VisualStudioVersion = 16.0.32106.194
MinimumVisualStudioVersion = 10.0.40219.1
Project("{FAE04EC0-301F-11D3-BF4B-00C04F79EFBC}") = "Color Changer", "Color Changer.csproj", "{FE9F96DA-4A2B-45D2-953C-393BD15F9BD4}"
EndProject
Global
	GlobalSection(SolutionConfigurationPlatforms) = preSolution
		Debug|Any CPU = Debug|Any CPU
		Release|Any CPU = Release|Any CPU
	EndGlobalSection
	GlobalSection(ProjectConfigurationPlatforms) = postSolution
		{FE9F96DA-4A2B-45D2-953C-393BD15F9BD4}.Debug|Any CPU.ActiveCfg = Debug|Any CPU
		{FE9F96DA-4A2B-45D2-953C-393BD15F9BD4}.Debug|Any CPU.Build.0 = Debug|Any CPU
		{FE9F96DA-4A2B-45D2-953C-393BD15F9BD4}.Release|Any CPU.ActiveCfg = Release|Any CPU
		{FE9F96DA-4A2B-45D2-953C-393BD15F9BD4}.Release|Any CPU.Build.0 = Release|Any CPU
	EndGlobalSection
	GlobalSection(SolutionProperties) = preSolution
		HideSolutionNode = FALSE
	EndGlobalSection
	GlobalSection(ExtensibilityGlobals) = postSolution
		SolutionGuid = {23BAB9FC-EA5C-4889-8D7C-44D48A7C2A4A}
	EndGlobalSection
EndGlobal
