
Microsoft Visual Studio Solution File, Format Version 12.00
# Visual Studio Version 16
VisualStudioVersion = 16.0.810.19
MinimumVisualStudioVersion = 10.0.40219.1
Project("{FAE04EC0-301F-11D3-BF4B-00C04F79EFBC}") = "FrequencyChart", "FrequencyChart\FrequencyChart.csproj", "{C5CC4035-15FC-495A-A497-7595FD581078}"
EndProject
Global
	GlobalSection(SolutionConfigurationPlatforms) = preSolution
		Debug|Any CPU = Debug|Any CPU
		Release|Any CPU = Release|Any CPU
	EndGlobalSection
	GlobalSection(ProjectConfigurationPlatforms) = postSolution
		{C5CC4035-15FC-495A-A497-7595FD581078}.Debug|Any CPU.ActiveCfg = Debug|Any CPU
		{C5CC4035-15FC-495A-A497-7595FD581078}.Debug|Any CPU.Build.0 = Debug|Any CPU
		{C5CC4035-15FC-495A-A497-7595FD581078}.Release|Any CPU.ActiveCfg = Release|Any CPU
		{C5CC4035-15FC-495A-A497-7595FD581078}.Release|Any CPU.Build.0 = Release|Any CPU
	EndGlobalSection
	GlobalSection(SolutionProperties) = preSolution
		HideSolutionNode = FALSE
	EndGlobalSection
	GlobalSection(ExtensibilityGlobals) = postSolution
		SolutionGuid = {0A5E29E5-8731-4E4E-ADC5-18ACB86B0FBD}
	EndGlobalSection
EndGlobal
