
Microsoft Visual Studio Solution File, Format Version 12.00
# Visual Studio Version 16
VisualStudioVersion = 16.0.810.19
MinimumVisualStudioVersion = 10.0.40219.1
Project("{FAE04EC0-301F-11D3-BF4B-00C04F79EFBC}") = "GPACalculation", "GPACalculation\GPACalculation.csproj", "{B822F786-D074-4160-B96A-6C2FD8AFFA48}"
EndProject
Global
	GlobalSection(SolutionConfigurationPlatforms) = preSolution
		Debug|Any CPU = Debug|Any CPU
		Release|Any CPU = Release|Any CPU
	EndGlobalSection
	GlobalSection(ProjectConfigurationPlatforms) = postSolution
		{B822F786-D074-4160-B96A-6C2FD8AFFA48}.Debug|Any CPU.ActiveCfg = Debug|Any CPU
		{B822F786-D074-4160-B96A-6C2FD8AFFA48}.Debug|Any CPU.Build.0 = Debug|Any CPU
		{B822F786-D074-4160-B96A-6C2FD8AFFA48}.Release|Any CPU.ActiveCfg = Release|Any CPU
		{B822F786-D074-4160-B96A-6C2FD8AFFA48}.Release|Any CPU.Build.0 = Release|Any CPU
	EndGlobalSection
	GlobalSection(SolutionProperties) = preSolution
		HideSolutionNode = FALSE
	EndGlobalSection
	GlobalSection(ExtensibilityGlobals) = postSolution
		SolutionGuid = {34228E81-0A92-4CC7-ADA4-300E8276CB77}
	EndGlobalSection
EndGlobal
